# This file is automatically @generated by Cargo.
# It is not intended for manual editing.
version = 4

[[package]]
name = "diceprop"
version = "0.3.0"
dependencies = [
 "dicetest",
]

[[package]]
name = "dicetest"
version = "0.4.0"
source = "registry+https://github.com/rust-lang/crates.io-index"
checksum = "aa4cba1a9642182737616fde09dd60f2d0c448554d4726b0d514e4cce245ebb3"
